
Microsoft Visual Studio Solution File, Format Version 12.00
# Visual Studio Version 17
VisualStudioVersion = 17.7.34031.279
MinimumVisualStudioVersion = 10.0.40219.1
Project("{FAE04EC0-301F-11D3-BF4B-00C04F79EFBC}") = "ExampleSerilog", "ExampleSerilog\ExampleSerilog.csproj", "{701EE5D6-17A9-4A3C-8409-4232171A0575}"
EndProject
Global
	GlobalSection(SolutionConfigurationPlatforms) = preSolution
		Debug|Any CPU = Debug|Any CPU
		Release|Any CPU = Release|Any CPU
	EndGlobalSection
	GlobalSection(ProjectConfigurationPlatforms) = postSolution
		{701EE5D6-17A9-4A3C-8409-4232171A0575}.Debug|Any CPU.ActiveCfg = Debug|Any CPU
		{701EE5D6-17A9-4A3C-8409-4232171A0575}.Debug|Any CPU.Build.0 = Debug|Any CPU
		{701EE5D6-17A9-4A3C-8409-4232171A0575}.Release|Any CPU.ActiveCfg = Release|Any CPU
		{701EE5D6-17A9-4A3C-8409-4232171A0575}.Release|Any CPU.Build.0 = Release|Any CPU
	EndGlobalSection
	GlobalSection(SolutionProperties) = preSolution
		HideSolutionNode = FALSE
	EndGlobalSection
	GlobalSection(ExtensibilityGlobals) = postSolution
		SolutionGuid = {7ACD6E8D-906A-4459-95DA-744CCAD0C79E}
	EndGlobalSection
EndGlobal
